
Microsoft Visual Studio Solution File, Format Version 12.00
# Visual Studio Version 17
VisualStudioVersion = 17.3.32901.215
MinimumVisualStudioVersion = 10.0.40219.1
Project("{FAE04EC0-301F-11D3-BF4B-00C04F79EFBC}") = "Shablon1", "Shablon1.csproj", "{DAAC1FDD-13CE-45CB-B991-0990C5F96009}"
EndProject
Global
	GlobalSection(SolutionConfigurationPlatforms) = preSolution
		Debug|Any CPU = Debug|Any CPU
		Release|Any CPU = Release|Any CPU
	EndGlobalSection
	GlobalSection(ProjectConfigurationPlatforms) = postSolution
		{DAAC1FDD-13CE-45CB-B991-0990C5F96009}.Debug|Any CPU.ActiveCfg = Debug|Any CPU
		{DAAC1FDD-13CE-45CB-B991-0990C5F96009}.Debug|Any CPU.Build.0 = Debug|Any CPU
		{DAAC1FDD-13CE-45CB-B991-0990C5F96009}.Release|Any CPU.ActiveCfg = Release|Any CPU
		{DAAC1FDD-13CE-45CB-B991-0990C5F96009}.Release|Any CPU.Build.0 = Release|Any CPU
	EndGlobalSection
	GlobalSection(SolutionProperties) = preSolution
		HideSolutionNode = FALSE
	EndGlobalSection
	GlobalSection(ExtensibilityGlobals) = postSolution
		SolutionGuid = {87F6DB03-1986-4821-8604-0524231395DB}
	EndGlobalSection
EndGlobal
